
Microsoft Visual Studio Solution File, Format Version 12.00
# Visual Studio 15
VisualStudioVersion = 15.0.28307.572
MinimumVisualStudioVersion = 10.0.40219.1
Project("{FAE04EC0-301F-11D3-BF4B-00C04F79EFBC}") = "lesson2_Demo", "lesson2_Demo\lesson2_Demo.csproj", "{CF319680-F867-4C12-BF9A-AE21FC0A4D5F}"
EndProject
Global
	GlobalSection(SolutionConfigurationPlatforms) = preSolution
		Debug|Any CPU = Debug|Any CPU
		Release|Any CPU = Release|Any CPU
	EndGlobalSection
	GlobalSection(ProjectConfigurationPlatforms) = postSolution
		{CF319680-F867-4C12-BF9A-AE21FC0A4D5F}.Debug|Any CPU.ActiveCfg = Debug|Any CPU
		{CF319680-F867-4C12-BF9A-AE21FC0A4D5F}.Debug|Any CPU.Build.0 = Debug|Any CPU
		{CF319680-F867-4C12-BF9A-AE21FC0A4D5F}.Release|Any CPU.ActiveCfg = Release|Any CPU
		{CF319680-F867-4C12-BF9A-AE21FC0A4D5F}.Release|Any CPU.Build.0 = Release|Any CPU
	EndGlobalSection
	GlobalSection(SolutionProperties) = preSolution
		HideSolutionNode = FALSE
	EndGlobalSection
	GlobalSection(ExtensibilityGlobals) = postSolution
		SolutionGuid = {AABB0648-AD36-491D-A9B0-6D3BAFED3DD2}
	EndGlobalSection
EndGlobal
